
Microsoft Visual Studio Solution File, Format Version 12.00
# Visual Studio Version 17
VisualStudioVersion = 17.14.36310.24 d17.14
MinimumVisualStudioVersion = 10.0.40219.1
Project("{2150E333-8FDC-42A3-9474-1A3956D46DE8}") = "1.Core", "1.Core", "{02EA681E-C7D8-13C7-8484-4AC65E1B71E8}"
EndProject
Project("{2150E333-8FDC-42A3-9474-1A3956D46DE8}") = "2.Infra", "2.Infra", "{C5B9A6DA-D732-411F-8D56-7C9EC1D07E7B}"
EndProject
Project("{2150E333-8FDC-42A3-9474-1A3956D46DE8}") = "3.EndPoint", "3.EndPoint", "{2C0F779C-B2B7-4B59-9A32-95E4680D69D3}"
EndProject
Project("{FAE04EC0-301F-11D3-BF4B-00C04F79EFBC}") = "Inquiry.Core.ApplicationService", "1.Core\ApplicationService\Inquiry.Core.ApplicationService\Inquiry.Core.ApplicationService.csproj", "{03CACB7F-1160-4C17-A369-A7A938C92B26}"
EndProject
Project("{FAE04EC0-301F-11D3-BF4B-00C04F79EFBC}") = "Inquiry.Core.Domain", "1.Core\Domain\Inquiry.Core.Domain\Inquiry.Core.Domain.csproj", "{0DD5E1F6-9917-4860-AE4C-8A3BC420F1B8}"
EndProject
Project("{FAE04EC0-301F-11D3-BF4B-00C04F79EFBC}") = "Inquiry.EndPoints.RestApi", "3.EndPoints\RestApi\Inquiry.EndPoints.RestApi\Inquiry.EndPoints.RestApi.csproj", "{270FB51C-1A35-4766-AAB7-ECC815DDDC1E}"
EndProject
Project("{FAE04EC0-301F-11D3-BF4B-00C04F79EFBC}") = "Inquiry.Infra.SimpleDateTime", "2.Infra\Inquiry.Infra.SimpleDateTime\Inquiry.Infra.SimpleDateTime.csproj", "{7F7CF377-9B0E-4CFD-B55C-C311FEE179EE}"
EndProject
Project("{FAE04EC0-301F-11D3-BF4B-00C04F79EFBC}") = "Inquiry.Infra.Services", "2.Infra\Inquiry.Infra.Services\Inquiry.Infra.Services.csproj", "{ABC452F0-1E11-4002-AADC-61A5995FC573}"
EndProject
Global
	GlobalSection(SolutionConfigurationPlatforms) = preSolution
		Debug|Any CPU = Debug|Any CPU
		Release|Any CPU = Release|Any CPU
	EndGlobalSection
	GlobalSection(ProjectConfigurationPlatforms) = postSolution
		{03CACB7F-1160-4C17-A369-A7A938C92B26}.Debug|Any CPU.ActiveCfg = Debug|Any CPU
		{03CACB7F-1160-4C17-A369-A7A938C92B26}.Debug|Any CPU.Build.0 = Debug|Any CPU
		{03CACB7F-1160-4C17-A369-A7A938C92B26}.Release|Any CPU.ActiveCfg = Release|Any CPU
		{03CACB7F-1160-4C17-A369-A7A938C92B26}.Release|Any CPU.Build.0 = Release|Any CPU
		{0DD5E1F6-9917-4860-AE4C-8A3BC420F1B8}.Debug|Any CPU.ActiveCfg = Debug|Any CPU
		{0DD5E1F6-9917-4860-AE4C-8A3BC420F1B8}.Debug|Any CPU.Build.0 = Debug|Any CPU
		{0DD5E1F6-9917-4860-AE4C-8A3BC420F1B8}.Release|Any CPU.ActiveCfg = Release|Any CPU
		{0DD5E1F6-9917-4860-AE4C-8A3BC420F1B8}.Release|Any CPU.Build.0 = Release|Any CPU
		{270FB51C-1A35-4766-AAB7-ECC815DDDC1E}.Debug|Any CPU.ActiveCfg = Debug|Any CPU
		{270FB51C-1A35-4766-AAB7-ECC815DDDC1E}.Debug|Any CPU.Build.0 = Debug|Any CPU
		{270FB51C-1A35-4766-AAB7-ECC815DDDC1E}.Release|Any CPU.ActiveCfg = Release|Any CPU
		{270FB51C-1A35-4766-AAB7-ECC815DDDC1E}.Release|Any CPU.Build.0 = Release|Any CPU
		{7F7CF377-9B0E-4CFD-B55C-C311FEE179EE}.Debug|Any CPU.ActiveCfg = Debug|Any CPU
		{7F7CF377-9B0E-4CFD-B55C-C311FEE179EE}.Debug|Any CPU.Build.0 = Debug|Any CPU
		{7F7CF377-9B0E-4CFD-B55C-C311FEE179EE}.Release|Any CPU.ActiveCfg = Release|Any CPU
		{7F7CF377-9B0E-4CFD-B55C-C311FEE179EE}.Release|Any CPU.Build.0 = Release|Any CPU
		{ABC452F0-1E11-4002-AADC-61A5995FC573}.Debug|Any CPU.ActiveCfg = Debug|Any CPU
		{ABC452F0-1E11-4002-AADC-61A5995FC573}.Debug|Any CPU.Build.0 = Debug|Any CPU
		{ABC452F0-1E11-4002-AADC-61A5995FC573}.Release|Any CPU.ActiveCfg = Release|Any CPU
		{ABC452F0-1E11-4002-AADC-61A5995FC573}.Release|Any CPU.Build.0 = Release|Any CPU
	EndGlobalSection
	GlobalSection(SolutionProperties) = preSolution
		HideSolutionNode = FALSE
	EndGlobalSection
	GlobalSection(NestedProjects) = preSolution
		{03CACB7F-1160-4C17-A369-A7A938C92B26} = {02EA681E-C7D8-13C7-8484-4AC65E1B71E8}
		{0DD5E1F6-9917-4860-AE4C-8A3BC420F1B8} = {02EA681E-C7D8-13C7-8484-4AC65E1B71E8}
		{270FB51C-1A35-4766-AAB7-ECC815DDDC1E} = {2C0F779C-B2B7-4B59-9A32-95E4680D69D3}
		{7F7CF377-9B0E-4CFD-B55C-C311FEE179EE} = {C5B9A6DA-D732-411F-8D56-7C9EC1D07E7B}
		{ABC452F0-1E11-4002-AADC-61A5995FC573} = {C5B9A6DA-D732-411F-8D56-7C9EC1D07E7B}
	EndGlobalSection
	GlobalSection(ExtensibilityGlobals) = postSolution
		SolutionGuid = {F3CB9AA9-3FE3-4578-8F77-6C3F1A97844A}
	EndGlobalSection
EndGlobal
